
Microsoft Visual Studio Solution File, Format Version 12.00
# Visual Studio 15
VisualStudioVersion = 15.0.26124.0
MinimumVisualStudioVersion = 15.0.26124.0
Project("{FAE04EC0-301F-11D3-BF4B-00C04F79EFBC}") = "GH.DD.ConfigRetriever", "GH.DD.ConfigRetriever\GH.DD.ConfigRetriever.csproj", "{5A1282D2-F601-4BD4-8FE9-F826C32F5808}"
EndProject
Project("{FAE04EC0-301F-11D3-BF4B-00C04F79EFBC}") = "GH.DD.ConfigRetriever.Tests", "GH.DD.ConfigRetriever.Tests\GH.DD.ConfigRetriever.Tests.csproj", "{3608942A-43CB-47CF-89FD-C33A27DDF987}"
EndProject
Global
	GlobalSection(SolutionConfigurationPlatforms) = preSolution
		Debug|Any CPU = Debug|Any CPU
		Debug|x64 = Debug|x64
		Debug|x86 = Debug|x86
		Release|Any CPU = Release|Any CPU
		Release|x64 = Release|x64
		Release|x86 = Release|x86
	EndGlobalSection
	GlobalSection(SolutionProperties) = preSolution
		HideSolutionNode = FALSE
	EndGlobalSection
	GlobalSection(ProjectConfigurationPlatforms) = postSolution
		{5A1282D2-F601-4BD4-8FE9-F826C32F5808}.Debug|Any CPU.ActiveCfg = Debug|Any CPU
		{5A1282D2-F601-4BD4-8FE9-F826C32F5808}.Debug|Any CPU.Build.0 = Debug|Any CPU
		{5A1282D2-F601-4BD4-8FE9-F826C32F5808}.Debug|x64.ActiveCfg = Debug|Any CPU
		{5A1282D2-F601-4BD4-8FE9-F826C32F5808}.Debug|x64.Build.0 = Debug|Any CPU
		{5A1282D2-F601-4BD4-8FE9-F826C32F5808}.Debug|x86.ActiveCfg = Debug|Any CPU
		{5A1282D2-F601-4BD4-8FE9-F826C32F5808}.Debug|x86.Build.0 = Debug|Any CPU
		{5A1282D2-F601-4BD4-8FE9-F826C32F5808}.Release|Any CPU.ActiveCfg = Release|Any CPU
		{5A1282D2-F601-4BD4-8FE9-F826C32F5808}.Release|Any CPU.Build.0 = Release|Any CPU
		{5A1282D2-F601-4BD4-8FE9-F826C32F5808}.Release|x64.ActiveCfg = Release|Any CPU
		{5A1282D2-F601-4BD4-8FE9-F826C32F5808}.Release|x64.Build.0 = Release|Any CPU
		{5A1282D2-F601-4BD4-8FE9-F826C32F5808}.Release|x86.ActiveCfg = Release|Any CPU
		{5A1282D2-F601-4BD4-8FE9-F826C32F5808}.Release|x86.Build.0 = Release|Any CPU
		{3608942A-43CB-47CF-89FD-C33A27DDF987}.Debug|Any CPU.ActiveCfg = Debug|Any CPU
		{3608942A-43CB-47CF-89FD-C33A27DDF987}.Debug|Any CPU.Build.0 = Debug|Any CPU
		{3608942A-43CB-47CF-89FD-C33A27DDF987}.Debug|x64.ActiveCfg = Debug|Any CPU
		{3608942A-43CB-47CF-89FD-C33A27DDF987}.Debug|x64.Build.0 = Debug|Any CPU
		{3608942A-43CB-47CF-89FD-C33A27DDF987}.Debug|x86.ActiveCfg = Debug|Any CPU
		{3608942A-43CB-47CF-89FD-C33A27DDF987}.Debug|x86.Build.0 = Debug|Any CPU
		{3608942A-43CB-47CF-89FD-C33A27DDF987}.Release|Any CPU.ActiveCfg = Release|Any CPU
		{3608942A-43CB-47CF-89FD-C33A27DDF987}.Release|Any CPU.Build.0 = Release|Any CPU
		{3608942A-43CB-47CF-89FD-C33A27DDF987}.Release|x64.ActiveCfg = Release|Any CPU
		{3608942A-43CB-47CF-89FD-C33A27DDF987}.Release|x64.Build.0 = Release|Any CPU
		{3608942A-43CB-47CF-89FD-C33A27DDF987}.Release|x86.ActiveCfg = Release|Any CPU
		{3608942A-43CB-47CF-89FD-C33A27DDF987}.Release|x86.Build.0 = Release|Any CPU
	EndGlobalSection
EndGlobal
